
Microsoft Visual Studio Solution File, Format Version 12.00
# Visual Studio 15
VisualStudioVersion = 15.0.28307.705
MinimumVisualStudioVersion = 10.0.40219.1
Project("{FAE04EC0-301F-11D3-BF4B-00C04F79EFBC}") = "Romina.Api", "Romina.Api\Romina.Api.csproj", "{C8A91A20-D561-4D40-8A30-4D5957171C82}"
EndProject
Global
	GlobalSection(SolutionConfigurationPlatforms) = preSolution
		Debug|Any CPU = Debug|Any CPU
		Release|Any CPU = Release|Any CPU
	EndGlobalSection
	GlobalSection(ProjectConfigurationPlatforms) = postSolution
		{C8A91A20-D561-4D40-8A30-4D5957171C82}.Debug|Any CPU.ActiveCfg = Debug|Any CPU
		{C8A91A20-D561-4D40-8A30-4D5957171C82}.Debug|Any CPU.Build.0 = Debug|Any CPU
		{C8A91A20-D561-4D40-8A30-4D5957171C82}.Release|Any CPU.ActiveCfg = Release|Any CPU
		{C8A91A20-D561-4D40-8A30-4D5957171C82}.Release|Any CPU.Build.0 = Release|Any CPU
	EndGlobalSection
	GlobalSection(SolutionProperties) = preSolution
		HideSolutionNode = FALSE
	EndGlobalSection
	GlobalSection(ExtensibilityGlobals) = postSolution
		SolutionGuid = {1786F5FA-37BF-4676-9E30-0597063DF57F}
	EndGlobalSection
EndGlobal
